
Microsoft Visual Studio Solution File, Format Version 12.00
# Visual Studio Version 17
VisualStudioVersion = 17.2.32519.379
MinimumVisualStudioVersion = 10.0.40219.1
Project("{FAE04EC0-301F-11D3-BF4B-00C04F79EFBC}") = "myap", "myap\myap.csproj", "{50C10940-F5E9-425A-9369-98CB5BFABF51}"
EndProject
Global
	GlobalSection(SolutionConfigurationPlatforms) = preSolution
		Debug|Any CPU = Debug|Any CPU
		Release|Any CPU = Release|Any CPU
	EndGlobalSection
	GlobalSection(ProjectConfigurationPlatforms) = postSolution
		{50C10940-F5E9-425A-9369-98CB5BFABF51}.Debug|Any CPU.ActiveCfg = Debug|Any CPU
		{50C10940-F5E9-425A-9369-98CB5BFABF51}.Debug|Any CPU.Build.0 = Debug|Any CPU
		{50C10940-F5E9-425A-9369-98CB5BFABF51}.Release|Any CPU.ActiveCfg = Release|Any CPU
		{50C10940-F5E9-425A-9369-98CB5BFABF51}.Release|Any CPU.Build.0 = Release|Any CPU
	EndGlobalSection
	GlobalSection(SolutionProperties) = preSolution
		HideSolutionNode = FALSE
	EndGlobalSection
	GlobalSection(ExtensibilityGlobals) = postSolution
		SolutionGuid = {8896C6EF-83EE-4486-8E48-5809148B84C8}
	EndGlobalSection
EndGlobal
